// !$*UTF8*$!
{
	archiveVersion = 1;
	classes = {
	};
	objectVersion = 77;
	objects = {

/* Begin PBXBuildFile section */
		567C35542EBF948300D48E56 /* CloudKitSyncMonitor in Frameworks */ = {isa = PBXBuildFile; productRef = 567C35532EBF948300D48E56 /* CloudKitSyncMonitor */; };
		56934CF62FCA26570060967D /* Lab Assistant: Darkroom Timer.storekit in Resources */ = {isa = PBXBuildFile; fileRef = 56934CF52FCA26570060967D /* Lab Assistant: Darkroom Timer.storekit */; };
		56C2CE872FD85BB70001038E /* XCTest.framework in Frameworks */ = {isa = PBXBuildFile; fileRef = 56C2CE862FD85BB70001038E /* XCTest.framework */; };
		56EB2D9C2EB9969C008E7EF6 /* Onboarding in Frameworks */ = {isa = PBXBuildFile; productRef = 56EB2D9B2EB9969C008E7EF6 /* Onboarding */; };
		5A0000000000000000000040 /* XCTest.framework in Frameworks */ = {isa = PBXBuildFile; fileRef = 5A0000000000000000000003 /* XCTest.framework */; };
		5A0000000000000000000041 /* XCTest.framework in Frameworks */ = {isa = PBXBuildFile; fileRef = 5A0000000000000000000003 /* XCTest.framework */; };
/* End PBXBuildFile section */

/* Begin PBXContainerItemProxy section */
		56875E452FD3631600A77C9E /* PBXContainerItemProxy */ = {
			isa = PBXContainerItemProxy;
			containerPortal = 56830FAC2E89BDC40084D321 /* Project object */;
			proxyType = 1;
			remoteGlobalIDString = 56830FB32E89BDC40084D321;
			remoteInfo = LabAssistant;
		};
		56C2CE802FD85BAB0001038E /* PBXContainerItemProxy */ = {
			isa = PBXContainerItemProxy;
			containerPortal = 56830FAC2E89BDC40084D321 /* Project object */;
			proxyType = 1;
			remoteGlobalIDString = 56830FB32E89BDC40084D321;
			remoteInfo = LabAssistant;
		};
		5A0000000000000000000042 /* PBXContainerItemProxy */ = {
			isa = PBXContainerItemProxy;
			containerPortal = 56830FAC2E89BDC40084D321 /* Project object */;
			proxyType = 1;
			remoteGlobalIDString = 56830FB32E89BDC40084D321;
			remoteInfo = LabAssistant;
		};
/* End PBXContainerItemProxy section */

/* Begin PBXFileReference section */
		56830FB42E89BDC40084D321 /* LabAssistant.app */ = {isa = PBXFileReference; explicitFileType = wrapper.application; includeInIndex = 0; path = LabAssistant.app; sourceTree = BUILT_PRODUCTS_DIR; };
		56875E442FD3628100A77C9E /* LabAssistantTests.xctestplan */ = {isa = PBXFileReference; lastKnownFileType = text; path = LabAssistantTests.xctestplan; sourceTree = "<group>"; };
		56934CF52FCA26570060967D /* Lab Assistant: Darkroom Timer.storekit */ = {isa = PBXFileReference; lastKnownFileType = text; path = "Lab Assistant: Darkroom Timer.storekit"; sourceTree = "<group>"; };
		56C2CE7A2FD85BAB0001038E /* LabAssistantScreenshots.xctest */ = {isa = PBXFileReference; explicitFileType = wrapper.cfbundle; includeInIndex = 0; path = LabAssistantScreenshots.xctest; sourceTree = BUILT_PRODUCTS_DIR; };
		56C2CE862FD85BB70001038E /* XCTest.framework */ = {isa = PBXFileReference; lastKnownFileType = wrapper.framework; name = XCTest.framework; path = Platforms/iPhoneOS.platform/Developer/Library/Frameworks/XCTest.framework; sourceTree = DEVELOPER_DIR; };
		56C2CE8A2FD85C9C0001038E /* SnapshotHelper.swift */ = {isa = PBXFileReference; lastKnownFileType = sourcecode.swift; name = SnapshotHelper.swift; path = fastlane/SnapshotHelper.swift; sourceTree = "<group>"; };
		5A0000000000000000000001 /* LabAssistantTests.xctest */ = {isa = PBXFileReference; explicitFileType = wrapper.cfbundle; includeInIndex = 0; path = LabAssistantTests.xctest; sourceTree = BUILT_PRODUCTS_DIR; };
		5A0000000000000000000002 /* LabAssistantUITests.xctest */ = {isa = PBXFileReference; explicitFileType = wrapper.cfbundle; includeInIndex = 0; path = LabAssistantUITests.xctest; sourceTree = BUILT_PRODUCTS_DIR; };
		5A0000000000000000000003 /* XCTest.framework */ = {isa = PBXFileReference; lastKnownFileType = wrapper.framework; path = XCTest.framework; sourceTree = SDKROOT; };
/* End PBXFileReference section */

/* Begin PBXFileSystemSynchronizedBuildFileExceptionSet section */
		56AF5D362EBEDC36001EA578 /* Exceptions for "LabAssistant" folder in "LabAssistant" target */ = {
			isa = PBXFileSystemSynchronizedBuildFileExceptionSet;
			membershipExceptions = (
				Info.plist,
			);
			target = 56830FB32E89BDC40084D321 /* LabAssistant */;
		};
/* End PBXFileSystemSynchronizedBuildFileExceptionSet section */

/* Begin PBXFileSystemSynchronizedRootGroup section */
		56830FB62E89BDC40084D321 /* LabAssistant */ = {
			isa = PBXFileSystemSynchronizedRootGroup;
			exceptions = (
				56AF5D362EBEDC36001EA578 /* Exceptions for "LabAssistant" folder in "LabAssistant" target */,
			);
			path = LabAssistant;
			sourceTree = "<group>";
		};
		56C2CE7B2FD85BAB0001038E /* LabAssistantScreenshots */ = {
			isa = PBXFileSystemSynchronizedRootGroup;
			path = LabAssistantScreenshots;
			sourceTree = "<group>";
		};
		5A0000000000000000000010 /* LabAssistantTests */ = {
			isa = PBXFileSystemSynchronizedRootGroup;
			path = LabAssistantTests;
			sourceTree = "<group>";
		};
		5A0000000000000000000011 /* LabAssistantUITests */ = {
			isa = PBXFileSystemSynchronizedRootGroup;
			path = LabAssistantUITests;
			sourceTree = "<group>";
		};
/* End PBXFileSystemSynchronizedRootGroup section */

/* Begin PBXFrameworksBuildPhase section */
		56830FB12E89BDC40084D321 /* Frameworks */ = {
			isa = PBXFrameworksBuildPhase;
			buildActionMask = 2147483647;
			files = (
				56EB2D9C2EB9969C008E7EF6 /* Onboarding in Frameworks */,
				567C35542EBF948300D48E56 /* CloudKitSyncMonitor in Frameworks */,
			);
			runOnlyForDeploymentPostprocessing = 0;
		};
		56C2CE772FD85BAB0001038E /* Frameworks */ = {
			isa = PBXFrameworksBuildPhase;
			buildActionMask = 2147483647;
			files = (
				56C2CE872FD85BB70001038E /* XCTest.framework in Frameworks */,
			);
			runOnlyForDeploymentPostprocessing = 0;
		};
		5A0000000000000000000031 /* Frameworks */ = {
			isa = PBXFrameworksBuildPhase;
			buildActionMask = 2147483647;
			files = (
				5A0000000000000000000040 /* XCTest.framework in Frameworks */,
			);
			runOnlyForDeploymentPostprocessing = 0;
		};
		5A0000000000000000000034 /* Frameworks */ = {
			isa = PBXFrameworksBuildPhase;
			buildActionMask = 2147483647;
			files = (
				5A0000000000000000000041 /* XCTest.framework in Frameworks */,
			);
			runOnlyForDeploymentPostprocessing = 0;
		};
/* End PBXFrameworksBuildPhase section */

/* Begin PBXGroup section */
		56830FAB2E89BDC40084D321 = {
			isa = PBXGroup;
			children = (
				56875E442FD3628100A77C9E /* LabAssistantTests.xctestplan */,
				56934CF52FCA26570060967D /* Lab Assistant: Darkroom Timer.storekit */,
				56830FB62E89BDC40084D321 /* LabAssistant */,
				5A0000000000000000000010 /* LabAssistantTests */,
				5A0000000000000000000011 /* LabAssistantUITests */,
				56C2CE7B2FD85BAB0001038E /* LabAssistantScreenshots */,
				56830FB52E89BDC40084D321 /* Products */,
				56875E0E2FD3616D00A77C9E /* Recovered References */,
				56C2CE852FD85BB70001038E /* Frameworks */,
			);
			sourceTree = "<group>";
		};
		56830FB52E89BDC40084D321 /* Products */ = {
			isa = PBXGroup;
			children = (
				56830FB42E89BDC40084D321 /* LabAssistant.app */,
				5A0000000000000000000001 /* LabAssistantTests.xctest */,
				5A0000000000000000000002 /* LabAssistantUITests.xctest */,
				56C2CE7A2FD85BAB0001038E /* LabAssistantScreenshots.xctest */,
			);
			name = Products;
			sourceTree = "<group>";
		};
		56875E0E2FD3616D00A77C9E /* Recovered References */ = {
			isa = PBXGroup;
			children = (
				5A0000000000000000000003 /* XCTest.framework */,
			);
			name = "Recovered References";
			sourceTree = "<group>";
		};
		56C2CE852FD85BB70001038E /* Frameworks */ = {
			isa = PBXGroup;
			children = (
				56C2CE8A2FD85C9C0001038E /* SnapshotHelper.swift */,
				56C2CE862FD85BB70001038E /* XCTest.framework */,
			);
			name = Frameworks;
			sourceTree = "<group>";
		};
/* End PBXGroup section */

/* Begin PBXNativeTarget section */
		56830FB32E89BDC40084D321 /* LabAssistant */ = {
			isa = PBXNativeTarget;
			buildConfigurationList = 56830FC12E89BDC50084D321 /* Build configuration list for PBXNativeTarget "LabAssistant" */;
			buildPhases = (
				56830FB02E89BDC40084D321 /* Sources */,
				56830FB12E89BDC40084D321 /* Frameworks */,
				56830FB22E89BDC40084D321 /* Resources */,
			);
			buildRules = (
			);
			dependencies = (
			);
			fileSystemSynchronizedGroups = (
				56830FB62E89BDC40084D321 /* LabAssistant */,
			);
			name = LabAssistant;
			packageProductDependencies = (
				56EB2D9B2EB9969C008E7EF6 /* Onboarding */,
				567C35532EBF948300D48E56 /* CloudKitSyncMonitor */,
			);
			productName = LabAssistant;
			productReference = 56830FB42E89BDC40084D321 /* LabAssistant.app */;
			productType = "com.apple.product-type.application";
		};
		56C2CE792FD85BAB0001038E /* LabAssistantScreenshots */ = {
			isa = PBXNativeTarget;
			buildConfigurationList = 56C2CE842FD85BAB0001038E /* Build configuration list for PBXNativeTarget "LabAssistantScreenshots" */;
			buildPhases = (
				56C2CE762FD85BAB0001038E /* Sources */,
				56C2CE772FD85BAB0001038E /* Frameworks */,
				56C2CE782FD85BAB0001038E /* Resources */,
			);
			buildRules = (
			);
			dependencies = (
				56C2CE812FD85BAB0001038E /* PBXTargetDependency */,
			);
			fileSystemSynchronizedGroups = (
				56C2CE7B2FD85BAB0001038E /* LabAssistantScreenshots */,
			);
			name = LabAssistantScreenshots;
			packageProductDependencies = (
			);
			productName = LabAssistantScreenshots;
			productReference = 56C2CE7A2FD85BAB0001038E /* LabAssistantScreenshots.xctest */;
			productType = "com.apple.product-type.bundle.ui-testing";
		};
		5A0000000000000000000020 /* LabAssistantTests */ = {
			isa = PBXNativeTarget;
			buildConfigurationList = 5A0000000000000000000046 /* Build configuration list for PBXNativeTarget "LabAssistantTests" */;
			buildPhases = (
				5A0000000000000000000030 /* Sources */,
				5A0000000000000000000031 /* Frameworks */,
				5A0000000000000000000032 /* Resources */,
			);
			buildRules = (
			);
			dependencies = (
				5A0000000000000000000043 /* PBXTargetDependency */,
			);
			fileSystemSynchronizedGroups = (
				5A0000000000000000000010 /* LabAssistantTests */,
			);
			name = LabAssistantTests;
			productName = LabAssistantTests;
			productReference = 5A0000000000000000000001 /* LabAssistantTests.xctest */;
			productType = "com.apple.product-type.bundle.unit-test";
		};
		5A0000000000000000000021 /* LabAssistantUITests */ = {
			isa = PBXNativeTarget;
			buildConfigurationList = 5A0000000000000000000049 /* Build configuration list for PBXNativeTarget "LabAssistantUITests" */;
			buildPhases = (
				5A0000000000000000000033 /* Sources */,
				5A0000000000000000000034 /* Frameworks */,
				5A0000000000000000000035 /* Resources */,
			);
			buildRules = (
			);
			dependencies = (
				56875E462FD3631600A77C9E /* PBXTargetDependency */,
			);
			fileSystemSynchronizedGroups = (
				5A0000000000000000000011 /* LabAssistantUITests */,
			);
			name = LabAssistantUITests;
			productName = LabAssistantUITests;
			productReference = 5A0000000000000000000002 /* LabAssistantUITests.xctest */;
			productType = "com.apple.product-type.bundle.ui-testing";
		};
/* End PBXNativeTarget section */

/* Begin PBXProject section */
		56830FAC2E89BDC40084D321 /* Project object */ = {
			isa = PBXProject;
			attributes = {
				BuildIndependentTargetsInParallel = 1;
				LastSwiftUpdateCheck = 2650;
				LastUpgradeCheck = 2600;
				TargetAttributes = {
					56830FB32E89BDC40084D321 = {
						CreatedOnToolsVersion = 26.0.1;
					};
					56C2CE792FD85BAB0001038E = {
						CreatedOnToolsVersion = 26.5;
						TestTargetID = 56830FB32E89BDC40084D321;
					};
					5A0000000000000000000021 = {
						TestTargetID = 56830FB32E89BDC40084D321;
					};
				};
			};
			buildConfigurationList = 56830FAF2E89BDC40084D321 /* Build configuration list for PBXProject "LabAssistant" */;
			developmentRegion = en;
			hasScannedForEncodings = 0;
			knownRegions = (
				en,
				Base,
			);
			mainGroup = 56830FAB2E89BDC40084D321;
			minimizedProjectReferenceProxies = 1;
			packageReferences = (
				56EB2D9A2EB9969C008E7EF6 /* XCRemoteSwiftPackageReference "SwiftUI-Onboarding" */,
				567C35522EBF948300D48E56 /* XCRemoteSwiftPackageReference "CloudKitSyncMonitor" */,
			);
			preferredProjectObjectVersion = 77;
			productRefGroup = 56830FB52E89BDC40084D321 /* Products */;
			projectDirPath = "";
			projectRoot = "";
			targets = (
				56830FB32E89BDC40084D321 /* LabAssistant */,
				5A0000000000000000000020 /* LabAssistantTests */,
				5A0000000000000000000021 /* LabAssistantUITests */,
				56C2CE792FD85BAB0001038E /* LabAssistantScreenshots */,
			);
		};
/* End PBXProject section */

/* Begin PBXResourcesBuildPhase section */
		56830FB22E89BDC40084D321 /* Resources */ = {
			isa = PBXResourcesBuildPhase;
			buildActionMask = 2147483647;
			files = (
				56934CF62FCA26570060967D /* Lab Assistant: Darkroom Timer.storekit in Resources */,
			);
			runOnlyForDeploymentPostprocessing = 0;
		};
		56C2CE782FD85BAB0001038E /* Resources */ = {
			isa = PBXResourcesBuildPhase;
			buildActionMask = 2147483647;
			files = (
			);
			runOnlyForDeploymentPostprocessing = 0;
		};
		5A0000000000000000000032 /* Resources */ = {
			isa = PBXResourcesBuildPhase;
			buildActionMask = 2147483647;
			files = (
			);
			runOnlyForDeploymentPostprocessing = 0;
		};
		5A0000000000000000000035 /* Resources */ = {
			isa = PBXResourcesBuildPhase;
			buildActionMask = 2147483647;
			files = (
			);
			runOnlyForDeploymentPostprocessing = 0;
		};
/* End PBXResourcesBuildPhase section */

/* Begin PBXSourcesBuildPhase section */
		56830FB02E89BDC40084D321 /* Sources */ = {
			isa = PBXSourcesBuildPhase;
			buildActionMask = 2147483647;
			files = (
			);
			runOnlyForDeploymentPostprocessing = 0;
		};
		56C2CE762FD85BAB0001038E /* Sources */ = {
			isa = PBXSourcesBuildPhase;
			buildActionMask = 2147483647;
			files = (
			);
			runOnlyForDeploymentPostprocessing = 0;
		};
		5A0000000000000000000030 /* Sources */ = {
			isa = PBXSourcesBuildPhase;
			buildActionMask = 2147483647;
			files = (
			);
			runOnlyForDeploymentPostprocessing = 0;
		};
		5A0000000000000000000033 /* Sources */ = {
			isa = PBXSourcesBuildPhase;
			buildActionMask = 2147483647;
			files = (
			);
			runOnlyForDeploymentPostprocessing = 0;
		};
/* End PBXSourcesBuildPhase section */

/* Begin PBXTargetDependency section */
		56875E462FD3631600A77C9E /* PBXTargetDependency */ = {
			isa = PBXTargetDependency;
			target = 56830FB32E89BDC40084D321 /* LabAssistant */;
			targetProxy = 56875E452FD3631600A77C9E /* PBXContainerItemProxy */;
		};
		56C2CE812FD85BAB0001038E /* PBXTargetDependency */ = {
			isa = PBXTargetDependency;
			target = 56830FB32E89BDC40084D321 /* LabAssistant */;
			targetProxy = 56C2CE802FD85BAB0001038E /* PBXContainerItemProxy */;
		};
		5A0000000000000000000043 /* PBXTargetDependency */ = {
			isa = PBXTargetDependency;
			target = 56830FB32E89BDC40084D321 /* LabAssistant */;
			targetProxy = 5A0000000000000000000042 /* PBXContainerItemProxy */;
		};
/* End PBXTargetDependency section */

/* Begin XCBuildConfiguration section */
		56830FBF2E89BDC50084D321 /* Debug */ = {
			isa = XCBuildConfiguration;
			buildSettings = {
				ALWAYS_SEARCH_USER_PATHS = NO;
				ASSETCATALOG_COMPILER_GENERATE_SWIFT_ASSET_SYMBOL_EXTENSIONS = YES;
				CLANG_ANALYZER_NONNULL = YES;
				CLANG_ANALYZER_NUMBER_OBJECT_CONVERSION = YES_AGGRESSIVE;
				CLANG_CXX_LANGUAGE_STANDARD = "gnu++20";
				CLANG_ENABLE_MODULES = YES;
				CLANG_ENABLE_OBJC_ARC = YES;
				CLANG_ENABLE_OBJC_WEAK = YES;
				CLANG_WARN_BLOCK_CAPTURE_AUTORELEASING = YES;
				CLANG_WARN_BOOL_CONVERSION = YES;
				CLANG_WARN_COMMA = YES;
				CLANG_WARN_CONSTANT_CONVERSION = YES;
				CLANG_WARN_DEPRECATED_OBJC_IMPLEMENTATIONS = YES;
				CLANG_WARN_DIRECT_OBJC_ISA_USAGE = YES_ERROR;
				CLANG_WARN_DOCUMENTATION_COMMENTS = YES;
				CLANG_WARN_EMPTY_BODY = YES;
				CLANG_WARN_ENUM_CONVERSION = YES;
				CLANG_WARN_INFINITE_RECURSION = YES;
				CLANG_WARN_INT_CONVERSION = YES;
				CLANG_WARN_NON_LITERAL_NULL_CONVERSION = YES;
				CLANG_WARN_OBJC_IMPLICIT_RETAIN_SELF = YES;
				CLANG_WARN_OBJC_LITERAL_CONVERSION = YES;
				CLANG_WARN_OBJC_ROOT_CLASS = YES_ERROR;
				CLANG_WARN_QUOTED_INCLUDE_IN_FRAMEWORK_HEADER = YES;
				CLANG_WARN_RANGE_LOOP_ANALYSIS = YES;
				CLANG_WARN_STRICT_PROTOTYPES = YES;
				CLANG_WARN_SUSPICIOUS_MOVE = YES;
				CLANG_WARN_UNGUARDED_AVAILABILITY = YES_AGGRESSIVE;
				CLANG_WARN_UNREACHABLE_CODE = YES;
				CLANG_WARN__DUPLICATE_METHOD_MATCH = YES;
				COPY_PHASE_STRIP = NO;
				DEBUG_INFORMATION_FORMAT = dwarf;
				DEVELOPMENT_TEAM = ZS9H682SJQ;
				ENABLE_STRICT_OBJC_MSGSEND = YES;
				ENABLE_TESTABILITY = YES;
				ENABLE_USER_SCRIPT_SANDBOXING = YES;
				GCC_C_LANGUAGE_STANDARD = gnu17;
				GCC_DYNAMIC_NO_PIC = NO;
				GCC_NO_COMMON_BLOCKS = YES;
				GCC_OPTIMIZATION_LEVEL = 0;
				GCC_PREPROCESSOR_DEFINITIONS = (
					"DEBUG=1",
					"$(inherited)",
				);
				GCC_WARN_64_TO_32_BIT_CONVERSION = YES;
				GCC_WARN_ABOUT_RETURN_TYPE = YES_ERROR;
				GCC_WARN_UNDECLARED_SELECTOR = YES;
				GCC_WARN_UNINITIALIZED_AUTOS = YES_AGGRESSIVE;
				GCC_WARN_UNUSED_FUNCTION = YES;
				GCC_WARN_UNUSED_VARIABLE = YES;
				IPHONEOS_DEPLOYMENT_TARGET = 26.0;
				LOCALIZATION_PREFERS_STRING_CATALOGS = YES;
				MTL_ENABLE_DEBUG_INFO = INCLUDE_SOURCE;
				MTL_FAST_MATH = YES;
				ONLY_ACTIVE_ARCH = YES;
				SDKROOT = iphoneos;
				SWIFT_ACTIVE_COMPILATION_CONDITIONS = "DEBUG $(inherited)";
				SWIFT_OPTIMIZATION_LEVEL = "-Onone";
			};
			name = Debug;
		};
		56830FC02E89BDC50084D321 /* Release */ = {
			isa = XCBuildConfiguration;
			buildSettings = {
				ALWAYS_SEARCH_USER_PATHS = NO;
				ASSETCATALOG_COMPILER_GENERATE_SWIFT_ASSET_SYMBOL_EXTENSIONS = YES;
				CLANG_ANALYZER_NONNULL = YES;
				CLANG_ANALYZER_NUMBER_OBJECT_CONVERSION = YES_AGGRESSIVE;
				CLANG_CXX_LANGUAGE_STANDARD = "gnu++20";
				CLANG_ENABLE_MODULES = YES;
				CLANG_ENABLE_OBJC_ARC = YES;
				CLANG_ENABLE_OBJC_WEAK = YES;
				CLANG_WARN_BLOCK_CAPTURE_AUTORELEASING = YES;
				CLANG_WARN_BOOL_CONVERSION = YES;
				CLANG_WARN_COMMA = YES;
				CLANG_WARN_CONSTANT_CONVERSION = YES;
				CLANG_WARN_DEPRECATED_OBJC_IMPLEMENTATIONS = YES;
				CLANG_WARN_DIRECT_OBJC_ISA_USAGE = YES_ERROR;
				CLANG_WARN_DOCUMENTATION_COMMENTS = YES;
				CLANG_WARN_EMPTY_BODY = YES;
				CLANG_WARN_ENUM_CONVERSION = YES;
				CLANG_WARN_INFINITE_RECURSION = YES;
				CLANG_WARN_INT_CONVERSION = YES;
				CLANG_WARN_NON_LITERAL_NULL_CONVERSION = YES;
				CLANG_WARN_OBJC_IMPLICIT_RETAIN_SELF = YES;
				CLANG_WARN_OBJC_LITERAL_CONVERSION = YES;
				CLANG_WARN_OBJC_ROOT_CLASS = YES_ERROR;
				CLANG_WARN_QUOTED_INCLUDE_IN_FRAMEWORK_HEADER = YES;
				CLANG_WARN_RANGE_LOOP_ANALYSIS = YES;
				CLANG_WARN_STRICT_PROTOTYPES = YES;
				CLANG_WARN_SUSPICIOUS_MOVE = YES;
				CLANG_WARN_UNGUARDED_AVAILABILITY = YES_AGGRESSIVE;
				CLANG_WARN_UNREACHABLE_CODE = YES;
				CLANG_WARN__DUPLICATE_METHOD_MATCH = YES;
				COPY_PHASE_STRIP = NO;
				DEBUG_INFORMATION_FORMAT = "dwarf-with-dsym";
				DEVELOPMENT_TEAM = ZS9H682SJQ;
				ENABLE_NS_ASSERTIONS = NO;
				ENABLE_STRICT_OBJC_MSGSEND = YES;
				ENABLE_USER_SCRIPT_SANDBOXING = YES;
				GCC_C_LANGUAGE_STANDARD = gnu17;
				GCC_NO_COMMON_BLOCKS = YES;
				GCC_WARN_64_TO_32_BIT_CONVERSION = YES;
				GCC_WARN_ABOUT_RETURN_TYPE = YES_ERROR;
				GCC_WARN_UNDECLARED_SELECTOR = YES;
				GCC_WARN_UNINITIALIZED_AUTOS = YES_AGGRESSIVE;
				GCC_WARN_UNUSED_FUNCTION = YES;
				GCC_WARN_UNUSED_VARIABLE = YES;
				IPHONEOS_DEPLOYMENT_TARGET = 26.0;
				LOCALIZATION_PREFERS_STRING_CATALOGS = YES;
				MTL_ENABLE_DEBUG_INFO = NO;
				MTL_FAST_MATH = YES;
				SDKROOT = iphoneos;
				SWIFT_COMPILATION_MODE = wholemodule;
				VALIDATE_PRODUCT = YES;
			};
			name = Release;
		};
		56830FC22E89BDC50084D321 /* Debug */ = {
			isa = XCBuildConfiguration;
			buildSettings = {
				ASSETCATALOG_COMPILER_APPICON_NAME = AppIcon;
				ASSETCATALOG_COMPILER_GLOBAL_ACCENT_COLOR_NAME = AccentColor;
				CODE_SIGN_ENTITLEMENTS = LabAssistant/LabAssistant.entitlements;
				CODE_SIGN_STYLE = Automatic;
				CURRENT_PROJECT_VERSION = 1;
				DEVELOPMENT_TEAM = ZS9H682SJQ;
				ENABLE_PREVIEWS = YES;
				GENERATE_INFOPLIST_FILE = YES;
				INFOPLIST_FILE = LabAssistant/Info.plist;
				INFOPLIST_KEY_CFBundleDisplayName = "Lab Assistant";
				INFOPLIST_KEY_UIApplicationSceneManifest_Generation = YES;
				INFOPLIST_KEY_UIApplicationSupportsIndirectInputEvents = YES;
				INFOPLIST_KEY_UILaunchScreen_Generation = YES;
				INFOPLIST_KEY_UISupportedInterfaceOrientations_iPad = "UIInterfaceOrientationPortrait UIInterfaceOrientationPortraitUpsideDown UIInterfaceOrientationLandscapeLeft UIInterfaceOrientationLandscapeRight";
				INFOPLIST_KEY_UISupportedInterfaceOrientations_iPhone = "UIInterfaceOrientationPortrait UIInterfaceOrientationLandscapeLeft UIInterfaceOrientationLandscapeRight";
				LD_RUNPATH_SEARCH_PATHS = (
					"$(inherited)",
					"@executable_path/Frameworks",
				);
				MARKETING_VERSION = 1.50;
				PRODUCT_BUNDLE_IDENTIFIER = JackKroll.LabAssistant;
				PRODUCT_NAME = "$(TARGET_NAME)";
				STRING_CATALOG_GENERATE_SYMBOLS = YES;
				SWIFT_APPROACHABLE_CONCURRENCY = YES;
				SWIFT_DEFAULT_ACTOR_ISOLATION = MainActor;
				SWIFT_EMIT_LOC_STRINGS = YES;
				SWIFT_UPCOMING_FEATURE_MEMBER_IMPORT_VISIBILITY = YES;
				SWIFT_VERSION = 5.0;
				TARGETED_DEVICE_FAMILY = "1,2";
			};
			name = Debug;
		};
		56830FC32E89BDC50084D321 /* Release */ = {
			isa = XCBuildConfiguration;
			buildSettings = {
				ASSETCATALOG_COMPILER_APPICON_NAME = AppIcon;
				ASSETCATALOG_COMPILER_GLOBAL_ACCENT_COLOR_NAME = AccentColor;
				CODE_SIGN_ENTITLEMENTS = LabAssistant/LabAssistant.entitlements;
				CODE_SIGN_STYLE = Automatic;
				CURRENT_PROJECT_VERSION = 1;
				DEVELOPMENT_TEAM = ZS9H682SJQ;
				ENABLE_PREVIEWS = YES;
				GENERATE_INFOPLIST_FILE = YES;
				INFOPLIST_FILE = LabAssistant/Info.plist;
				INFOPLIST_KEY_CFBundleDisplayName = "Lab Assistant";
				INFOPLIST_KEY_UIApplicationSceneManifest_Generation = YES;
				INFOPLIST_KEY_UIApplicationSupportsIndirectInputEvents = YES;
				INFOPLIST_KEY_UILaunchScreen_Generation = YES;
				INFOPLIST_KEY_UISupportedInterfaceOrientations_iPad = "UIInterfaceOrientationPortrait UIInterfaceOrientationPortraitUpsideDown UIInterfaceOrientationLandscapeLeft UIInterfaceOrientationLandscapeRight";
				INFOPLIST_KEY_UISupportedInterfaceOrientations_iPhone = "UIInterfaceOrientationPortrait UIInterfaceOrientationLandscapeLeft UIInterfaceOrientationLandscapeRight";
				LD_RUNPATH_SEARCH_PATHS = (
					"$(inherited)",
					"@executable_path/Frameworks",
				);
				MARKETING_VERSION = 1.50;
				PRODUCT_BUNDLE_IDENTIFIER = JackKroll.LabAssistant;
				PRODUCT_NAME = "$(TARGET_NAME)";
				STRING_CATALOG_GENERATE_SYMBOLS = YES;
				SWIFT_APPROACHABLE_CONCURRENCY = YES;
				SWIFT_DEFAULT_ACTOR_ISOLATION = MainActor;
				SWIFT_EMIT_LOC_STRINGS = YES;
				SWIFT_UPCOMING_FEATURE_MEMBER_IMPORT_VISIBILITY = YES;
				SWIFT_VERSION = 5.0;
				TARGETED_DEVICE_FAMILY = "1,2";
			};
			name = Release;
		};
		56C2CE822FD85BAB0001038E /* Debug */ = {
			isa = XCBuildConfiguration;
			buildSettings = {
				CODE_SIGN_STYLE = Automatic;
				CURRENT_PROJECT_VERSION = 1;
				DEVELOPMENT_TEAM = ZS9H682SJQ;
				GENERATE_INFOPLIST_FILE = YES;
				IPHONEOS_DEPLOYMENT_TARGET = 26.0;
				MARKETING_VERSION = 1.0;
				PRODUCT_BUNDLE_IDENTIFIER = com.JackKroll.LabAssistantScreenshots;
				PRODUCT_NAME = "$(TARGET_NAME)";
				STRING_CATALOG_GENERATE_SYMBOLS = NO;
				SUPPORTED_PLATFORMS = "iphoneos iphonesimulator";
				SUPPORTS_MACCATALYST = NO;
				SWIFT_APPROACHABLE_CONCURRENCY = YES;
				SWIFT_EMIT_LOC_STRINGS = NO;
				SWIFT_UPCOMING_FEATURE_MEMBER_IMPORT_VISIBILITY = YES;
				SWIFT_VERSION = 5.0;
				TARGETED_DEVICE_FAMILY = "1,2";
				TEST_TARGET_NAME = LabAssistant;
			};
			name = Debug;
		};
		56C2CE832FD85BAB0001038E /* Release */ = {
			isa = XCBuildConfiguration;
			buildSettings = {
				CODE_SIGN_STYLE = Automatic;
				CURRENT_PROJECT_VERSION = 1;
				DEVELOPMENT_TEAM = ZS9H682SJQ;
				GENERATE_INFOPLIST_FILE = YES;
				IPHONEOS_DEPLOYMENT_TARGET = 26.0;
				MARKETING_VERSION = 1.0;
				PRODUCT_BUNDLE_IDENTIFIER = com.JackKroll.LabAssistantScreenshots;
				PRODUCT_NAME = "$(TARGET_NAME)";
				STRING_CATALOG_GENERATE_SYMBOLS = NO;
				SUPPORTED_PLATFORMS = "iphoneos iphonesimulator";
				SUPPORTS_MACCATALYST = NO;
				SWIFT_APPROACHABLE_CONCURRENCY = YES;
				SWIFT_EMIT_LOC_STRINGS = NO;
				SWIFT_UPCOMING_FEATURE_MEMBER_IMPORT_VISIBILITY = YES;
				SWIFT_VERSION = 5.0;
				TARGETED_DEVICE_FAMILY = "1,2";
				TEST_TARGET_NAME = LabAssistant;
			};
			name = Release;
		};
		5A0000000000000000000044 /* Debug */ = {
			isa = XCBuildConfiguration;
			buildSettings = {
				ALWAYS_EMBED_SWIFT_STANDARD_LIBRARIES = YES;
				BUNDLE_LOADER = "$(TEST_HOST)";
				CODE_SIGN_STYLE = Automatic;
				CURRENT_PROJECT_VERSION = 1;
				DEVELOPMENT_TEAM = ZS9H682SJQ;
				GENERATE_INFOPLIST_FILE = YES;
				IPHONEOS_DEPLOYMENT_TARGET = 26.0;
				LD_RUNPATH_SEARCH_PATHS = (
					"$(inherited)",
					"@loader_path/Frameworks",
					"@loader_path/../../Frameworks",
				);
				MARKETING_VERSION = 1.21;
				PRODUCT_BUNDLE_IDENTIFIER = JackKroll.LabAssistantTests;
				PRODUCT_NAME = "$(TARGET_NAME)";
				SKIP_INSTALL = YES;
				SWIFT_APPROACHABLE_CONCURRENCY = YES;
				SWIFT_DEFAULT_ACTOR_ISOLATION = MainActor;
				SWIFT_EMIT_LOC_STRINGS = YES;
				SWIFT_VERSION = 5.0;
				TARGETED_DEVICE_FAMILY = "1,2";
				TEST_HOST = "$(BUILT_PRODUCTS_DIR)/LabAssistant.app/LabAssistant";
			};
			name = Debug;
		};
		5A0000000000000000000045 /* Release */ = {
			isa = XCBuildConfiguration;
			buildSettings = {
				ALWAYS_EMBED_SWIFT_STANDARD_LIBRARIES = YES;
				BUNDLE_LOADER = "$(TEST_HOST)";
				CODE_SIGN_STYLE = Automatic;
				CURRENT_PROJECT_VERSION = 1;
				DEVELOPMENT_TEAM = ZS9H682SJQ;
				GENERATE_INFOPLIST_FILE = YES;
				IPHONEOS_DEPLOYMENT_TARGET = 26.0;
				LD_RUNPATH_SEARCH_PATHS = (
					"$(inherited)",
					"@loader_path/Frameworks",
					"@loader_path/../../Frameworks",
				);
				MARKETING_VERSION = 1.21;
				PRODUCT_BUNDLE_IDENTIFIER = JackKroll.LabAssistantTests;
				PRODUCT_NAME = "$(TARGET_NAME)";
				SKIP_INSTALL = YES;
				SWIFT_APPROACHABLE_CONCURRENCY = YES;
				SWIFT_DEFAULT_ACTOR_ISOLATION = MainActor;
				SWIFT_EMIT_LOC_STRINGS = YES;
				SWIFT_VERSION = 5.0;
				TARGETED_DEVICE_FAMILY = "1,2";
				TEST_HOST = "$(BUILT_PRODUCTS_DIR)/LabAssistant.app/LabAssistant";
			};
			name = Release;
		};
		5A0000000000000000000047 /* Debug */ = {
			isa = XCBuildConfiguration;
			buildSettings = {
				ALWAYS_EMBED_SWIFT_STANDARD_LIBRARIES = YES;
				CODE_SIGN_STYLE = Automatic;
				CURRENT_PROJECT_VERSION = 1;
				DEVELOPMENT_TEAM = ZS9H682SJQ;
				GENERATE_INFOPLIST_FILE = YES;
				IPHONEOS_DEPLOYMENT_TARGET = 26.0;
				MARKETING_VERSION = 1.21;
				PRODUCT_BUNDLE_IDENTIFIER = JackKroll.LabAssistantUITests;
				PRODUCT_NAME = "$(TARGET_NAME)";
				SKIP_INSTALL = YES;
				SWIFT_APPROACHABLE_CONCURRENCY = YES;
				SWIFT_DEFAULT_ACTOR_ISOLATION = MainActor;
				SWIFT_EMIT_LOC_STRINGS = YES;
				SWIFT_VERSION = 5.0;
				TARGETED_DEVICE_FAMILY = "1,2";
				TEST_TARGET_NAME = LabAssistant;
			};
			name = Debug;
		};
		5A0000000000000000000048 /* Release */ = {
			isa = XCBuildConfiguration;
			buildSettings = {
				ALWAYS_EMBED_SWIFT_STANDARD_LIBRARIES = YES;
				CODE_SIGN_STYLE = Automatic;
				CURRENT_PROJECT_VERSION = 1;
				DEVELOPMENT_TEAM = ZS9H682SJQ;
				GENERATE_INFOPLIST_FILE = YES;
				IPHONEOS_DEPLOYMENT_TARGET = 26.0;
				MARKETING_VERSION = 1.21;
				PRODUCT_BUNDLE_IDENTIFIER = JackKroll.LabAssistantUITests;
				PRODUCT_NAME = "$(TARGET_NAME)";
				SKIP_INSTALL = YES;
				SWIFT_APPROACHABLE_CONCURRENCY = YES;
				SWIFT_DEFAULT_ACTOR_ISOLATION = MainActor;
				SWIFT_EMIT_LOC_STRINGS = YES;
				SWIFT_VERSION = 5.0;
				TARGETED_DEVICE_FAMILY = "1,2";
				TEST_TARGET_NAME = LabAssistant;
			};
			name = Release;
		};
/* End XCBuildConfiguration section */

/* Begin XCConfigurationList section */
		56830FAF2E89BDC40084D321 /* Build configuration list for PBXProject "LabAssistant" */ = {
			isa = XCConfigurationList;
			buildConfigurations = (
				56830FBF2E89BDC50084D321 /* Debug */,
				56830FC02E89BDC50084D321 /* Release */,
			);
			defaultConfigurationIsVisible = 0;
			defaultConfigurationName = Release;
		};
		56830FC12E89BDC50084D321 /* Build configuration list for PBXNativeTarget "LabAssistant" */ = {
			isa = XCConfigurationList;
			buildConfigurations = (
				56830FC22E89BDC50084D321 /* Debug */,
				56830FC32E89BDC50084D321 /* Release */,
			);
			defaultConfigurationIsVisible = 0;
			defaultConfigurationName = Release;
		};
		56C2CE842FD85BAB0001038E /* Build configuration list for PBXNativeTarget "LabAssistantScreenshots" */ = {
			isa = XCConfigurationList;
			buildConfigurations = (
				56C2CE822FD85BAB0001038E /* Debug */,
				56C2CE832FD85BAB0001038E /* Release */,
			);
			defaultConfigurationIsVisible = 0;
			defaultConfigurationName = Release;
		};
		5A0000000000000000000046 /* Build configuration list for PBXNativeTarget "LabAssistantTests" */ = {
			isa = XCConfigurationList;
			buildConfigurations = (
				5A0000000000000000000044 /* Debug */,
				5A0000000000000000000045 /* Release */,
			);
			defaultConfigurationIsVisible = 0;
			defaultConfigurationName = Release;
		};
		5A0000000000000000000049 /* Build configuration list for PBXNativeTarget "LabAssistantUITests" */ = {
			isa = XCConfigurationList;
			buildConfigurations = (
				5A0000000000000000000047 /* Debug */,
				5A0000000000000000000048 /* Release */,
			);
			defaultConfigurationIsVisible = 0;
			defaultConfigurationName = Release;
		};
/* End XCConfigurationList section */

/* Begin XCRemoteSwiftPackageReference section */
		567C35522EBF948300D48E56 /* XCRemoteSwiftPackageReference "CloudKitSyncMonitor" */ = {
			isa = XCRemoteSwiftPackageReference;
			repositoryURL = "https://github.com/ggruen/CloudKitSyncMonitor.git";
			requirement = {
				kind = upToNextMajorVersion;
				minimumVersion = 3.1.0;
			};
		};
		56EB2D9A2EB9969C008E7EF6 /* XCRemoteSwiftPackageReference "SwiftUI-Onboarding" */ = {
			isa = XCRemoteSwiftPackageReference;
			repositoryURL = "https://github.com/jackkroll/SwiftUI-Onboarding";
			requirement = {
				branch = "opt-privacy-sheet";
				kind = branch;
			};
		};
/* End XCRemoteSwiftPackageReference section */

/* Begin XCSwiftPackageProductDependency section */
		567C35532EBF948300D48E56 /* CloudKitSyncMonitor */ = {
			isa = XCSwiftPackageProductDependency;
			package = 567C35522EBF948300D48E56 /* XCRemoteSwiftPackageReference "CloudKitSyncMonitor" */;
			productName = CloudKitSyncMonitor;
		};
		56EB2D9B2EB9969C008E7EF6 /* Onboarding */ = {
			isa = XCSwiftPackageProductDependency;
			package = 56EB2D9A2EB9969C008E7EF6 /* XCRemoteSwiftPackageReference "SwiftUI-Onboarding" */;
			productName = Onboarding;
		};
/* End XCSwiftPackageProductDependency section */
	};
	rootObject = 56830FAC2E89BDC40084D321 /* Project object */;
}
